
Microsoft Visual Studio Solution File, Format Version 12.00
# Visual Studio Version 17
VisualStudioVersion = 17.3.32929.385
MinimumVisualStudioVersion = 10.0.40219.1
Project("{FAE04EC0-301F-11D3-BF4B-00C04F79EFBC}") = "ExercicioResolvidoInterface", "ExercicioResolvidoInterface\ExercicioResolvidoInterface.csproj", "{15406C90-5ADE-40B1-90B0-920D980F632B}"
EndProject
Global
	GlobalSection(SolutionConfigurationPlatforms) = preSolution
		Debug|Any CPU = Debug|Any CPU
		Release|Any CPU = Release|Any CPU
	EndGlobalSection
	GlobalSection(ProjectConfigurationPlatforms) = postSolution
		{15406C90-5ADE-40B1-90B0-920D980F632B}.Debug|Any CPU.ActiveCfg = Debug|Any CPU
		{15406C90-5ADE-40B1-90B0-920D980F632B}.Debug|Any CPU.Build.0 = Debug|Any CPU
		{15406C90-5ADE-40B1-90B0-920D980F632B}.Release|Any CPU.ActiveCfg = Release|Any CPU
		{15406C90-5ADE-40B1-90B0-920D980F632B}.Release|Any CPU.Build.0 = Release|Any CPU
	EndGlobalSection
	GlobalSection(SolutionProperties) = preSolution
		HideSolutionNode = FALSE
	EndGlobalSection
	GlobalSection(ExtensibilityGlobals) = postSolution
		SolutionGuid = {DF1DE175-299E-4FC0-8456-0460D3834808}
	EndGlobalSection
EndGlobal
